PODS:
  - SHButton (0.1.8)
  - SHTabScrollController (0.3.2):
    - SHButton (~> 0.1.8)

DEPENDENCIES:
  - SHTabScrollController (from `../`)

EXTERNAL SOURCES:
  SHTabScrollController:
    :path: "../"

SPEC CHECKSUMS:
  SHButton: 16ac32218f34f83085776459642abc0e532195f5
  SHTabScrollController: 0d37e442674ecdb95ea1884cf3e8f7711a054a08

PODFILE CHECKSUM: 15d57ed140a1edecbf194e0abca59d84c06908ea

COCOAPODS: 1.0.1
