PODS:
  - SHButton (0.1.8)
  - SHTabScrollController (0.3.5):
    - SHButton (~> 0.1.8)

DEPENDENCIES:
  - SHTabScrollController (from `../`)

EXTERNAL SOURCES:
  SHTabScrollController:
    :path: "../"

SPEC CHECKSUMS:
  SHButton: 16ac32218f34f83085776459642abc0e532195f5
  SHTabScrollController: a7aa55342dc3c91292c57e59324eb5dbe5e3ca8c

PODFILE CHECKSUM: 15d57ed140a1edecbf194e0abca59d84c06908ea

COCOAPODS: 1.0.1
