PODS:
  - SHButton (0.1.9)
  - SHTabScrollController (0.4.3):
    - SHButton (~> 0.1.9)

DEPENDENCIES:
  - SHTabScrollController (from `../`)

EXTERNAL SOURCES:
  SHTabScrollController:
    :path: "../"

SPEC CHECKSUMS:
  SHButton: 7f73c7a633fa427fb847aa0427719f102a8dc558
  SHTabScrollController: 0c0edce2ed1428223112aca479529c65082b5176

PODFILE CHECKSUM: 15d57ed140a1edecbf194e0abca59d84c06908ea

COCOAPODS: 1.1.1
